
Microsoft Visual Studio Solution File, Format Version 12.00
# Visual Studio Version 16
VisualStudioVersion = 16.0.30011.22
MinimumVisualStudioVersion = 10.0.40219.1
Project("{9A19103F-16F7-4668-BE54-9A1E7A4F7556}") = "SchoolMngr.Services.BO", "SchoolMngr.Services.BO\SchoolMngr.Services.BO.csproj", "{10771227-CE69-40AE-A056-0EF157EA5275}"
EndProject
Project("{9A19103F-16F7-4668-BE54-9A1E7A4F7556}") = "SchoolMngr.BackOffice.BL", "SchoolMngr.BackOffice.BL\SchoolMngr.BackOffice.BL.csproj", "{D467F429-0492-4764-AFA8-2D9F47BFD514}"
EndProject
Project("{9A19103F-16F7-4668-BE54-9A1E7A4F7556}") = "SchoolMngr.BackOffice.Model", "SchoolMngr.BackOffice.Model\SchoolMngr.BackOffice.Model.csproj", "{3209D3EE-AECA-4EBF-B2AA-55F2CA3D99BA}"
EndProject
Global
	GlobalSection(SolutionConfigurationPlatforms) = preSolution
		Debug|Any CPU = Debug|Any CPU
		Release|Any CPU = Release|Any CPU
	EndGlobalSection
	GlobalSection(ProjectConfigurationPlatforms) = postSolution
		{10771227-CE69-40AE-A056-0EF157EA5275}.Debug|Any CPU.ActiveCfg = Debug|Any CPU
		{10771227-CE69-40AE-A056-0EF157EA5275}.Debug|Any CPU.Build.0 = Debug|Any CPU
		{10771227-CE69-40AE-A056-0EF157EA5275}.Release|Any CPU.ActiveCfg = Release|Any CPU
		{10771227-CE69-40AE-A056-0EF157EA5275}.Release|Any CPU.Build.0 = Release|Any CPU
		{D467F429-0492-4764-AFA8-2D9F47BFD514}.Debug|Any CPU.ActiveCfg = Debug|Any CPU
		{D467F429-0492-4764-AFA8-2D9F47BFD514}.Debug|Any CPU.Build.0 = Debug|Any CPU
		{D467F429-0492-4764-AFA8-2D9F47BFD514}.Release|Any CPU.ActiveCfg = Release|Any CPU
		{D467F429-0492-4764-AFA8-2D9F47BFD514}.Release|Any CPU.Build.0 = Release|Any CPU
		{3209D3EE-AECA-4EBF-B2AA-55F2CA3D99BA}.Debug|Any CPU.ActiveCfg = Debug|Any CPU
		{3209D3EE-AECA-4EBF-B2AA-55F2CA3D99BA}.Debug|Any CPU.Build.0 = Debug|Any CPU
		{3209D3EE-AECA-4EBF-B2AA-55F2CA3D99BA}.Release|Any CPU.ActiveCfg = Release|Any CPU
		{3209D3EE-AECA-4EBF-B2AA-55F2CA3D99BA}.Release|Any CPU.Build.0 = Release|Any CPU
	EndGlobalSection
	GlobalSection(SolutionProperties) = preSolution
		HideSolutionNode = FALSE
	EndGlobalSection
	GlobalSection(ExtensibilityGlobals) = postSolution
		SolutionGuid = {5D7EA009-F2F7-4AAF-BF8D-30120307E264}
	EndGlobalSection
EndGlobal
